{
  "name": "JON_SP_SGUS",
  "lockfileVersion": 2,
  "requires": true,
  "packages": {
    "": {
      "devDependencies": {
        "lite-server": "*"
      }
    },
    "node_modules/lite-server": {
      "dev": true
    }
  },
  "dependencies": {
    "lite-server": {
      "dev": true
    }
  }
}
